// !$*UTF8*$!
{
	archiveVersion = 1;
	classes = {
	};
	objectVersion = 46;
	objects = {

/* Begin PBXBuildFile section */
		8501E6851E5A7B380018EC72 /* main.m in Sources */ = {isa = PBXBuildFile; fileRef = 8501E6841E5A7B380018EC72 /* main.m */; };
		8501E6881E5A7B380018EC72 /* AppDelegate.m in Sources */ = {isa = PBXBuildFile; fileRef = 8501E6871E5A7B380018EC72 /* AppDelegate.m */; };
		8501E68B1E5A7B380018EC72 /* ViewController.m in Sources */ = {isa = PBXBuildFile; fileRef = 8501E68A1E5A7B380018EC72 /* ViewController.m */; };
		8501E68E1E5A7B380018EC72 /* Main.storyboard in Resources */ = {isa = PBXBuildFile; fileRef = 8501E68C1E5A7B380018EC72 /* Main.storyboard */; };
		8501E6901E5A7B380018EC72 /* Assets.xcassets in Resources */ = {isa = PBXBuildFile; fileRef = 8501E68F1E5A7B380018EC72 /* Assets.xcassets */; };
		8501E6931E5A7B380018EC72 /* LaunchScreen.storyboard in Resources */ = {isa = PBXBuildFile; fileRef = 8501E6911E5A7B380018EC72 /* LaunchScreen.storyboard */; };
		8501E69C1E5A7B530018EC72 /* LoginViewController.m in Sources */ = {isa = PBXBuildFile; fileRef = 8501E69B1E5A7B530018EC72 /* LoginViewController.m */; };
		8501E6C01E5A89D30018EC72 /* AFHTTPSessionManager.m in Sources */ = {isa = PBXBuildFile; fileRef = 8501E69F1E5A89D20018EC72 /* AFHTTPSessionManager.m */; };
		8501E6C11E5A89D30018EC72 /* AFNetworkReachabilityManager.m in Sources */ = {isa = PBXBuildFile; fileRef = 8501E6A21E5A89D20018EC72 /* AFNetworkReachabilityManager.m */; };
		8501E6C21E5A89D30018EC72 /* AFSecurityPolicy.m in Sources */ = {isa = PBXBuildFile; fileRef = 8501E6A41E5A89D20018EC72 /* AFSecurityPolicy.m */; };
		8501E6C31E5A89D30018EC72 /* AFURLRequestSerialization.m in Sources */ = {isa = PBXBuildFile; fileRef = 8501E6A61E5A89D20018EC72 /* AFURLRequestSerialization.m */; };
		8501E6C41E5A89D30018EC72 /* AFURLResponseSerialization.m in Sources */ = {isa = PBXBuildFile; fileRef = 8501E6A81E5A89D20018EC72 /* AFURLResponseSerialization.m */; };
		8501E6C51E5A89D30018EC72 /* AFURLSessionManager.m in Sources */ = {isa = PBXBuildFile; fileRef = 8501E6AA1E5A89D20018EC72 /* AFURLSessionManager.m */; };
		8501E6C61E5A89D30018EC72 /* AFAutoPurgingImageCache.m in Sources */ = {isa = PBXBuildFile; fileRef = 8501E6AD1E5A89D20018EC72 /* AFAutoPurgingImageCache.m */; };
		8501E6C71E5A89D30018EC72 /* AFImageDownloader.m in Sources */ = {isa = PBXBuildFile; fileRef = 8501E6AF1E5A89D20018EC72 /* AFImageDownloader.m */; };
		8501E6C81E5A89D30018EC72 /* AFNetworkActivityIndicatorManager.m in Sources */ = {isa = PBXBuildFile; fileRef = 8501E6B11E5A89D20018EC72 /* AFNetworkActivityIndicatorManager.m */; };
		8501E6C91E5A89D30018EC72 /* UIActivityIndicatorView+AFNetworking.m in Sources */ = {isa = PBXBuildFile; fileRef = 8501E6B31E5A89D20018EC72 /* UIActivityIndicatorView+AFNetworking.m */; };
		8501E6CA1E5A89D30018EC72 /* UIButton+AFNetworking.m in Sources */ = {isa = PBXBuildFile; fileRef = 8501E6B51E5A89D20018EC72 /* UIButton+AFNetworking.m */; };
		8501E6CB1E5A89D30018EC72 /* UIImageView+AFNetworking.m in Sources */ = {isa = PBXBuildFile; fileRef = 8501E6B81E5A89D20018EC72 /* UIImageView+AFNetworking.m */; };
		8501E6CC1E5A89D30018EC72 /* UIProgressView+AFNetworking.m in Sources */ = {isa = PBXBuildFile; fileRef = 8501E6BB1E5A89D20018EC72 /* UIProgressView+AFNetworking.m */; };
		8501E6CD1E5A89D30018EC72 /* UIRefreshControl+AFNetworking.m in Sources */ = {isa = PBXBuildFile; fileRef = 8501E6BD1E5A89D20018EC72 /* UIRefreshControl+AFNetworking.m */; };
		8501E6CE1E5A89D30018EC72 /* UIWebView+AFNetworking.m in Sources */ = {isa = PBXBuildFile; fileRef = 8501E6BF1E5A89D20018EC72 /* UIWebView+AFNetworking.m */; };
		8501E6D11E5A89DF0018EC72 /* WebUtils.m in Sources */ = {isa = PBXBuildFile; fileRef = 8501E6D01E5A89DF0018EC72 /* WebUtils.m */; };
		8501E6D41E5A96A50018EC72 /* Account.m in Sources */ = {isa = PBXBuildFile; fileRef = 8501E6D31E5A96A50018EC72 /* Account.m */; };
		8501E6EC1E5ABE6E0018EC72 /* Info.plist in Resources */ = {isa = PBXBuildFile; fileRef = 8501E6D61E5ABE6E0018EC72 /* Info.plist */; };
		8501E6ED1E5ABE6E0018EC72 /* JSONModel.m in Sources */ = {isa = PBXBuildFile; fileRef = 8501E6D91E5ABE6E0018EC72 /* JSONModel.m */; };
		8501E6EE1E5ABE6E0018EC72 /* JSONModelClassProperty.m in Sources */ = {isa = PBXBuildFile; fileRef = 8501E6DB1E5ABE6E0018EC72 /* JSONModelClassProperty.m */; };
		8501E6EF1E5ABE6E0018EC72 /* JSONModelError.m in Sources */ = {isa = PBXBuildFile; fileRef = 8501E6DD1E5ABE6E0018EC72 /* JSONModelError.m */; };
		8501E6F01E5ABE6E0018EC72 /* JSONAPI.m in Sources */ = {isa = PBXBuildFile; fileRef = 8501E6E11E5ABE6E0018EC72 /* JSONAPI.m */; };
		8501E6F11E5ABE6E0018EC72 /* JSONHTTPClient.m in Sources */ = {isa = PBXBuildFile; fileRef = 8501E6E31E5ABE6E0018EC72 /* JSONHTTPClient.m */; };
		8501E6F21E5ABE6E0018EC72 /* JSONModel+networking.m in Sources */ = {isa = PBXBuildFile; fileRef = 8501E6E51E5ABE6E0018EC72 /* JSONModel+networking.m */; };
		8501E6F31E5ABE6E0018EC72 /* JSONKeyMapper.m in Sources */ = {isa = PBXBuildFile; fileRef = 8501E6E81E5ABE6E0018EC72 /* JSONKeyMapper.m */; };
		8501E6F41E5ABE6E0018EC72 /* JSONValueTransformer.m in Sources */ = {isa = PBXBuildFile; fileRef = 8501E6EA1E5ABE6E0018EC72 /* JSONValueTransformer.m */; };
		8501E6F71E5ABFB30018EC72 /* User.m in Sources */ = {isa = PBXBuildFile; fileRef = 8501E6F61E5ABFB30018EC72 /* User.m */; };
		85B7D99D1E5BCC0400B3E488 /* Weibo.m in Sources */ = {isa = PBXBuildFile; fileRef = 85B7D99C1E5BCC0400B3E488 /* Weibo.m */; };
		85B7D9A01E5BCE0D00B3E488 /* WeibosTableViewController.m in Sources */ = {isa = PBXBuildFile; fileRef = 85B7D99F1E5BCE0D00B3E488 /* WeibosTableViewController.m */; };
		85B7D9A41E5BCF6600B3E488 /* WeiboCell.m in Sources */ = {isa = PBXBuildFile; fileRef = 85B7D9A21E5BCF6600B3E488 /* WeiboCell.m */; };
		85B7D9A51E5BCF6600B3E488 /* WeiboCell.xib in Resources */ = {isa = PBXBuildFile; fileRef = 85B7D9A31E5BCF6600B3E488 /* WeiboCell.xib */; };
		85B7DA4B1E5C11C100B3E488 /* YYTextContainerView.m in Sources */ = {isa = PBXBuildFile; fileRef = 85B7DA191E5C11C100B3E488 /* YYTextContainerView.m */; };
		85B7DA4C1E5C11C100B3E488 /* YYTextDebugOption.m in Sources */ = {isa = PBXBuildFile; fileRef = 85B7DA1B1E5C11C100B3E488 /* YYTextDebugOption.m */; };
		85B7DA4D1E5C11C100B3E488 /* YYTextEffectWindow.m in Sources */ = {isa = PBXBuildFile; fileRef = 85B7DA1D1E5C11C100B3E488 /* YYTextEffectWindow.m */; };
		85B7DA4E1E5C11C100B3E488 /* YYTextInput.m in Sources */ = {isa = PBXBuildFile; fileRef = 85B7DA1F1E5C11C100B3E488 /* YYTextInput.m */; };
		85B7DA4F1E5C11C100B3E488 /* YYTextKeyboardManager.m in Sources */ = {isa = PBXBuildFile; fileRef = 85B7DA211E5C11C100B3E488 /* YYTextKeyboardManager.m */; };
		85B7DA501E5C11C100B3E488 /* YYTextLayout.m in Sources */ = {isa = PBXBuildFile; fileRef = 85B7DA231E5C11C100B3E488 /* YYTextLayout.m */; };
		85B7DA511E5C11C100B3E488 /* YYTextLine.m in Sources */ = {isa = PBXBuildFile; fileRef = 85B7DA251E5C11C100B3E488 /* YYTextLine.m */; };
		85B7DA521E5C11C100B3E488 /* YYTextMagnifier.m in Sources */ = {isa = PBXBuildFile; fileRef = 85B7DA271E5C11C100B3E488 /* YYTextMagnifier.m */; };
		85B7DA531E5C11C100B3E488 /* YYTextSelectionView.m in Sources */ = {isa = PBXBuildFile; fileRef = 85B7DA291E5C11C100B3E488 /* YYTextSelectionView.m */; };
		85B7DA541E5C11C100B3E488 /* YYTextArchiver.m in Sources */ = {isa = PBXBuildFile; fileRef = 85B7DA2C1E5C11C100B3E488 /* YYTextArchiver.m */; };
		85B7DA551E5C11C100B3E488 /* YYTextAttribute.m in Sources */ = {isa = PBXBuildFile; fileRef = 85B7DA2E1E5C11C100B3E488 /* YYTextAttribute.m */; };
		85B7DA561E5C11C100B3E488 /* YYTextParser.m in Sources */ = {isa = PBXBuildFile; fileRef = 85B7DA301E5C11C100B3E488 /* YYTextParser.m */; };
		85B7DA571E5C11C100B3E488 /* YYTextRubyAnnotation.m in Sources */ = {isa = PBXBuildFile; fileRef = 85B7DA321E5C11C100B3E488 /* YYTextRubyAnnotation.m */; };
		85B7DA581E5C11C100B3E488 /* YYTextRunDelegate.m in Sources */ = {isa = PBXBuildFile; fileRef = 85B7DA341E5C11C100B3E488 /* YYTextRunDelegate.m */; };
		85B7DA591E5C11C100B3E488 /* NSAttributedString+YYText.m in Sources */ = {isa = PBXBuildFile; fileRef = 85B7DA371E5C11C100B3E488 /* NSAttributedString+YYText.m */; };
		85B7DA5A1E5C11C100B3E488 /* NSParagraphStyle+YYText.m in Sources */ = {isa = PBXBuildFile; fileRef = 85B7DA391E5C11C100B3E488 /* NSParagraphStyle+YYText.m */; };
		85B7DA5B1E5C11C100B3E488 /* UIPasteboard+YYText.m in Sources */ = {isa = PBXBuildFile; fileRef = 85B7DA3B1E5C11C100B3E488 /* UIPasteboard+YYText.m */; };
		85B7DA5C1E5C11C100B3E488 /* UIView+YYText.m in Sources */ = {isa = PBXBuildFile; fileRef = 85B7DA3D1E5C11C100B3E488 /* UIView+YYText.m */; };
		85B7DA5D1E5C11C100B3E488 /* YYTextAsyncLayer.m in Sources */ = {isa = PBXBuildFile; fileRef = 85B7DA3F1E5C11C100B3E488 /* YYTextAsyncLayer.m */; };
		85B7DA5E1E5C11C100B3E488 /* YYTextTransaction.m in Sources */ = {isa = PBXBuildFile; fileRef = 85B7DA411E5C11C100B3E488 /* YYTextTransaction.m */; };
		85B7DA5F1E5C11C100B3E488 /* YYTextUtilities.m in Sources */ = {isa = PBXBuildFile; fileRef = 85B7DA431E5C11C100B3E488 /* YYTextUtilities.m */; };
		85B7DA601E5C11C100B3E488 /* YYTextWeakProxy.m in Sources */ = {isa = PBXBuildFile; fileRef = 85B7DA451E5C11C100B3E488 /* YYTextWeakProxy.m */; };
		85B7DA611E5C11C100B3E488 /* YYLabel.m in Sources */ = {isa = PBXBuildFile; fileRef = 85B7DA471E5C11C100B3E488 /* YYLabel.m */; };
		85B7DA621E5C11C100B3E488 /* YYTextView.m in Sources */ = {isa = PBXBuildFile; fileRef = 85B7DA4A1E5C11C100B3E488 /* YYTextView.m */; };
/* End PBXBuildFile section */

/* Begin PBXFileReference section */
		8501E6801E5A7B380018EC72 /* 微博练习.app */ = {isa = PBXFileReference; explicitFileType = wrapper.application; includeInIndex = 0; path = "微博练习.app"; sourceTree = BUILT_PRODUCTS_DIR; };
		8501E6841E5A7B380018EC72 /* main.m */ = {isa = PBXFileReference; lastKnownFileType = sourcecode.c.objc; path = main.m; sourceTree = "<group>"; };
		8501E6861E5A7B380018EC72 /* AppDelegate.h */ = {isa = PBXFileReference; lastKnownFileType = sourcecode.c.h; path = AppDelegate.h; sourceTree = "<group>"; };
		8501E6871E5A7B380018EC72 /* AppDelegate.m */ = {isa = PBXFileReference; lastKnownFileType = sourcecode.c.objc; path = AppDelegate.m; sourceTree = "<group>"; };
		8501E6891E5A7B380018EC72 /* ViewController.h */ = {isa = PBXFileReference; lastKnownFileType = sourcecode.c.h; path = ViewController.h; sourceTree = "<group>"; };
		8501E68A1E5A7B380018EC72 /* ViewController.m */ = {isa = PBXFileReference; lastKnownFileType = sourcecode.c.objc; path = ViewController.m; sourceTree = "<group>"; };
		8501E68D1E5A7B380018EC72 /* Base */ = {isa = PBXFileReference; lastKnownFileType = file.storyboard; name = Base; path = Base.lproj/Main.storyboard; sourceTree = "<group>"; };
		8501E68F1E5A7B380018EC72 /* Assets.xcassets */ = {isa = PBXFileReference; lastKnownFileType = folder.assetcatalog; path = Assets.xcassets; sourceTree = "<group>"; };
		8501E6921E5A7B380018EC72 /* Base */ = {isa = PBXFileReference; lastKnownFileType = file.storyboard; name = Base; path = Base.lproj/LaunchScreen.storyboard; sourceTree = "<group>"; };
		8501E6941E5A7B380018EC72 /* Info.plist */ = {isa = PBXFileReference; lastKnownFileType = text.plist.xml; path = Info.plist; sourceTree = "<group>"; };
		8501E69A1E5A7B530018EC72 /* LoginViewController.h */ = {isa = PBXFileReference; fileEncoding = 4; lastKnownFileType = sourcecode.c.h; path = LoginViewController.h; sourceTree = "<group>"; };
		8501E69B1E5A7B530018EC72 /* LoginViewController.m */ = {isa = PBXFileReference; fileEncoding = 4; lastKnownFileType = sourcecode.c.objc; path = LoginViewController.m; sourceTree = "<group>"; };
		8501E69E1E5A89D20018EC72 /* AFHTTPSessionManager.h */ = {isa = PBXFileReference; fileEncoding = 4; lastKnownFileType = sourcecode.c.h; path = AFHTTPSessionManager.h; sourceTree = "<group>"; };
		8501E69F1E5A89D20018EC72 /* AFHTTPSessionManager.m */ = {isa = PBXFileReference; fileEncoding = 4; lastKnownFileType = sourcecode.c.objc; path = AFHTTPSessionManager.m; sourceTree = "<group>"; };
		8501E6A01E5A89D20018EC72 /* AFNetworking.h */ = {isa = PBXFileReference; fileEncoding = 4; lastKnownFileType = sourcecode.c.h; path = AFNetworking.h; sourceTree = "<group>"; };
		8501E6A11E5A89D20018EC72 /* AFNetworkReachabilityManager.h */ = {isa = PBXFileReference; fileEncoding = 4; lastKnownFileType = sourcecode.c.h; path = AFNetworkReachabilityManager.h; sourceTree = "<group>"; };
		8501E6A21E5A89D20018EC72 /* AFNetworkReachabilityManager.m */ = {isa = PBXFileReference; fileEncoding = 4; lastKnownFileType = sourcecode.c.objc; path = AFNetworkReachabilityManager.m; sourceTree = "<group>"; };
		8501E6A31E5A89D20018EC72 /* AFSecurityPolicy.h */ = {isa = PBXFileReference; fileEncoding = 4; lastKnownFileType = sourcecode.c.h; path = AFSecurityPolicy.h; sourceTree = "<group>"; };
		8501E6A41E5A89D20018EC72 /* AFSecurityPolicy.m */ = {isa = PBXFileReference; fileEncoding = 4; lastKnownFileType = sourcecode.c.objc; path = AFSecurityPolicy.m; sourceTree = "<group>"; };
		8501E6A51E5A89D20018EC72 /* AFURLRequestSerialization.h */ = {isa = PBXFileReference; fileEncoding = 4; lastKnownFileType = sourcecode.c.h; path = AFURLRequestSerialization.h; sourceTree = "<group>"; };
		8501E6A61E5A89D20018EC72 /* AFURLRequestSerialization.m */ = {isa = PBXFileReference; fileEncoding = 4; lastKnownFileType = sourcecode.c.objc; path = AFURLRequestSerialization.m; sourceTree = "<group>"; };
		8501E6A71E5A89D20018EC72 /* AFURLResponseSerialization.h */ = {isa = PBXFileReference; fileEncoding = 4; lastKnownFileType = sourcecode.c.h; path = AFURLResponseSerialization.h; sourceTree = "<group>"; };
		8501E6A81E5A89D20018EC72 /* AFURLResponseSerialization.m */ = {isa = PBXFileReference; fileEncoding = 4; lastKnownFileType = sourcecode.c.objc; path = AFURLResponseSerialization.m; sourceTree = "<group>"; };
		8501E6A91E5A89D20018EC72 /* AFURLSessionManager.h */ = {isa = PBXFileReference; fileEncoding = 4; lastKnownFileType = sourcecode.c.h; path = AFURLSessionManager.h; sourceTree = "<group>"; };
		8501E6AA1E5A89D20018EC72 /* AFURLSessionManager.m */ = {isa = PBXFileReference; fileEncoding = 4; lastKnownFileType = sourcecode.c.objc; path = AFURLSessionManager.m; sourceTree = "<group>"; };
		8501E6AC1E5A89D20018EC72 /* AFAutoPurgingImageCache.h */ = {isa = PBXFileReference; fileEncoding = 4; lastKnownFileType = sourcecode.c.h; path = AFAutoPurgingImageCache.h; sourceTree = "<group>"; };
		8501E6AD1E5A89D20018EC72 /* AFAutoPurgingImageCache.m */ = {isa = PBXFileReference; fileEncoding = 4; lastKnownFileType = sourcecode.c.objc; path = AFAutoPurgingImageCache.m; sourceTree = "<group>"; };
		8501E6AE1E5A89D20018EC72 /* AFImageDownloader.h */ = {isa = PBXFileReference; fileEncoding = 4; lastKnownFileType = sourcecode.c.h; path = AFImageDownloader.h; sourceTree = "<group>"; };
		8501E6AF1E5A89D20018EC72 /* AFImageDownloader.m */ = {isa = PBXFileReference; fileEncoding = 4; lastKnownFileType = sourcecode.c.objc; path = AFImageDownloader.m; sourceTree = "<group>"; };
		8501E6B01E5A89D20018EC72 /* AFNetworkActivityIndicatorManager.h */ = {isa = PBXFileReference; fileEncoding = 4; lastKnownFileType = sourcecode.c.h; path = AFNetworkActivityIndicatorManager.h; sourceTree = "<group>"; };
		8501E6B11E5A89D20018EC72 /* AFNetworkActivityIndicatorManager.m */ = {isa = PBXFileReference; fileEncoding = 4; lastKnownFileType = sourcecode.c.objc; path = AFNetworkActivityIndicatorManager.m; sourceTree = "<group>"; };
		8501E6B21E5A89D20018EC72 /* UIActivityIndicatorView+AFNetworking.h */ = {isa = PBXFileReference; fileEncoding = 4; lastKnownFileType = sourcecode.c.h; path = "UIActivityIndicatorView+AFNetworking.h"; sourceTree = "<group>"; };
		8501E6B31E5A89D20018EC72 /* UIActivityIndicatorView+AFNetworking.m */ = {isa = PBXFileReference; fileEncoding = 4; lastKnownFileType = sourcecode.c.objc; path = "UIActivityIndicatorView+AFNetworking.m"; sourceTree = "<group>"; };
		8501E6B41E5A89D20018EC72 /* UIButton+AFNetworking.h */ = {isa = PBXFileReference; fileEncoding = 4; lastKnownFileType = sourcecode.c.h; path = "UIButton+AFNetworking.h"; sourceTree = "<group>"; };
		8501E6B51E5A89D20018EC72 /* UIButton+AFNetworking.m */ = {isa = PBXFileReference; fileEncoding = 4; lastKnownFileType = sourcecode.c.objc; path = "UIButton+AFNetworking.m"; sourceTree = "<group>"; };
		8501E6B61E5A89D20018EC72 /* UIImage+AFNetworking.h */ = {isa = PBXFileReference; fileEncoding = 4; lastKnownFileType = sourcecode.c.h; path = "UIImage+AFNetworking.h"; sourceTree = "<group>"; };
		8501E6B71E5A89D20018EC72 /* UIImageView+AFNetworking.h */ = {isa = PBXFileReference; fileEncoding = 4; lastKnownFileType = sourcecode.c.h; path = "UIImageView+AFNetworking.h"; sourceTree = "<group>"; };
		8501E6B81E5A89D20018EC72 /* UIImageView+AFNetworking.m */ = {isa = PBXFileReference; fileEncoding = 4; lastKnownFileType = sourcecode.c.objc; path = "UIImageView+AFNetworking.m"; sourceTree = "<group>"; };
		8501E6B91E5A89D20018EC72 /* UIKit+AFNetworking.h */ = {isa = PBXFileReference; fileEncoding = 4; lastKnownFileType = sourcecode.c.h; path = "UIKit+AFNetworking.h"; sourceTree = "<group>"; };
		8501E6BA1E5A89D20018EC72 /* UIProgressView+AFNetworking.h */ = {isa = PBXFileReference; fileEncoding = 4; lastKnownFileType = sourcecode.c.h; path = "UIProgressView+AFNetworking.h"; sourceTree = "<group>"; };
		8501E6BB1E5A89D20018EC72 /* UIProgressView+AFNetworking.m */ = {isa = PBXFileReference; fileEncoding = 4; lastKnownFileType = sourcecode.c.objc; path = "UIProgressView+AFNetworking.m"; sourceTree = "<group>"; };
		8501E6BC1E5A89D20018EC72 /* UIRefreshControl+AFNetworking.h */ = {isa = PBXFileReference; fileEncoding = 4; lastKnownFileType = sourcecode.c.h; path = "UIRefreshControl+AFNetworking.h"; sourceTree = "<group>"; };
		8501E6BD1E5A89D20018EC72 /* UIRefreshControl+AFNetworking.m */ = {isa = PBXFileReference; fileEncoding = 4; lastKnownFileType = sourcecode.c.objc; path = "UIRefreshControl+AFNetworking.m"; sourceTree = "<group>"; };
		8501E6BE1E5A89D20018EC72 /* UIWebView+AFNetworking.h */ = {isa = PBXFileReference; fileEncoding = 4; lastKnownFileType = sourcecode.c.h; path = "UIWebView+AFNetworking.h"; sourceTree = "<group>"; };
		8501E6BF1E5A89D20018EC72 /* UIWebView+AFNetworking.m */ = {isa = PBXFileReference; fileEncoding = 4; lastKnownFileType = sourcecode.c.objc; path = "UIWebView+AFNetworking.m"; sourceTree = "<group>"; };
		8501E6CF1E5A89DF0018EC72 /* WebUtils.h */ = {isa = PBXFileReference; fileEncoding = 4; lastKnownFileType = sourcecode.c.h; path = WebUtils.h; sourceTree = "<group>"; };
		8501E6D01E5A89DF0018EC72 /* WebUtils.m */ = {isa = PBXFileReference; fileEncoding = 4; lastKnownFileType = sourcecode.c.objc; path = WebUtils.m; sourceTree = "<group>"; };
		8501E6D21E5A96A50018EC72 /* Account.h */ = {isa = PBXFileReference; fileEncoding = 4; lastKnownFileType = sourcecode.c.h; path = Account.h; sourceTree = "<group>"; };
		8501E6D31E5A96A50018EC72 /* Account.m */ = {isa = PBXFileReference; fileEncoding = 4; lastKnownFileType = sourcecode.c.objc; path = Account.m; sourceTree = "<group>"; };
		8501E6D61E5ABE6E0018EC72 /* Info.plist */ = {isa = PBXFileReference; fileEncoding = 4; lastKnownFileType = text.plist.xml; path = Info.plist; sourceTree = "<group>"; };
		8501E6D81E5ABE6E0018EC72 /* JSONModel.h */ = {isa = PBXFileReference; fileEncoding = 4; lastKnownFileType = sourcecode.c.h; path = JSONModel.h; sourceTree = "<group>"; };
		8501E6D91E5ABE6E0018EC72 /* JSONModel.m */ = {isa = PBXFileReference; fileEncoding = 4; lastKnownFileType = sourcecode.c.objc; path = JSONModel.m; sourceTree = "<group>"; };
		8501E6DA1E5ABE6E0018EC72 /* JSONModelClassProperty.h */ = {isa = PBXFileReference; fileEncoding = 4; lastKnownFileType = sourcecode.c.h; path = JSONModelClassProperty.h; sourceTree = "<group>"; };
		8501E6DB1E5ABE6E0018EC72 /* JSONModelClassProperty.m */ = {isa = PBXFileReference; fileEncoding = 4; lastKnownFileType = sourcecode.c.objc; path = JSONModelClassProperty.m; sourceTree = "<group>"; };
		8501E6DC1E5ABE6E0018EC72 /* JSONModelError.h */ = {isa = PBXFileReference; fileEncoding = 4; lastKnownFileType = sourcecode.c.h; path = JSONModelError.h; sourceTree = "<group>"; };
		8501E6DD1E5ABE6E0018EC72 /* JSONModelError.m */ = {isa = PBXFileReference; fileEncoding = 4; lastKnownFileType = sourcecode.c.objc; path = JSONModelError.m; sourceTree = "<group>"; };
		8501E6DE1E5ABE6E0018EC72 /* JSONModelLib.h */ = {isa = PBXFileReference; fileEncoding = 4; lastKnownFileType = sourcecode.c.h; path = JSONModelLib.h; sourceTree = "<group>"; };
		8501E6E01E5ABE6E0018EC72 /* JSONAPI.h */ = {isa = PBXFileReference; fileEncoding = 4; lastKnownFileType = sourcecode.c.h; path = JSONAPI.h; sourceTree = "<group>"; };
		8501E6E11E5ABE6E0018EC72 /* JSONAPI.m */ = {isa = PBXFileReference; fileEncoding = 4; lastKnownFileType = sourcecode.c.objc; path = JSONAPI.m; sourceTree = "<group>"; };
		8501E6E21E5ABE6E0018EC72 /* JSONHTTPClient.h */ = {isa = PBXFileReference; fileEncoding = 4; lastKnownFileType = sourcecode.c.h; path = JSONHTTPClient.h; sourceTree = "<group>"; };
		8501E6E31E5ABE6E0018EC72 /* JSONHTTPClient.m */ = {isa = PBXFileReference; fileEncoding = 4; lastKnownFileType = sourcecode.c.objc; path = JSONHTTPClient.m; sourceTree = "<group>"; };
		8501E6E41E5ABE6E0018EC72 /* JSONModel+networking.h */ = {isa = PBXFileReference; fileEncoding = 4; lastKnownFileType = sourcecode.c.h; path = "JSONModel+networking.h"; sourceTree = "<group>"; };
		8501E6E51E5ABE6E0018EC72 /* JSONModel+networking.m */ = {isa = PBXFileReference; fileEncoding = 4; lastKnownFileType = sourcecode.c.objc; path = "JSONModel+networking.m"; sourceTree = "<group>"; };
		8501E6E71E5ABE6E0018EC72 /* JSONKeyMapper.h */ = {isa = PBXFileReference; fileEncoding = 4; lastKnownFileType = sourcecode.c.h; path = JSONKeyMapper.h; sourceTree = "<group>"; };
		8501E6E81E5ABE6E0018EC72 /* JSONKeyMapper.m */ = {isa = PBXFileReference; fileEncoding = 4; lastKnownFileType = sourcecode.c.objc; path = JSONKeyMapper.m; sourceTree = "<group>"; };
		8501E6E91E5ABE6E0018EC72 /* JSONValueTransformer.h */ = {isa = PBXFileReference; fileEncoding = 4; lastKnownFileType = sourcecode.c.h; path = JSONValueTransformer.h; sourceTree = "<group>"; };
		8501E6EA1E5ABE6E0018EC72 /* JSONValueTransformer.m */ = {isa = PBXFileReference; fileEncoding = 4; lastKnownFileType = sourcecode.c.objc; path = JSONValueTransformer.m; sourceTree = "<group>"; };
		8501E6EB1E5ABE6E0018EC72 /* module.modulemap */ = {isa = PBXFileReference; fileEncoding = 4; lastKnownFileType = "sourcecode.module-map"; path = module.modulemap; sourceTree = "<group>"; };
		8501E6F51E5ABFB30018EC72 /* User.h */ = {isa = PBXFileReference; fileEncoding = 4; lastKnownFileType = sourcecode.c.h; path = User.h; sourceTree = "<group>"; };
		8501E6F61E5ABFB30018EC72 /* User.m */ = {isa = PBXFileReference; fileEncoding = 4; lastKnownFileType = sourcecode.c.objc; path = User.m; sourceTree = "<group>"; };
		85B7D99B1E5BCC0400B3E488 /* Weibo.h */ = {isa = PBXFileReference; fileEncoding = 4; lastKnownFileType = sourcecode.c.h; path = Weibo.h; sourceTree = "<group>"; };
		85B7D99C1E5BCC0400B3E488 /* Weibo.m */ = {isa = PBXFileReference; fileEncoding = 4; lastKnownFileType = sourcecode.c.objc; path = Weibo.m; sourceTree = "<group>"; };
		85B7D99E1E5BCE0D00B3E488 /* WeibosTableViewController.h */ = {isa = PBXFileReference; fileEncoding = 4; lastKnownFileType = sourcecode.c.h; path = WeibosTableViewController.h; sourceTree = "<group>"; };
		85B7D99F1E5BCE0D00B3E488 /* WeibosTableViewController.m */ = {isa = PBXFileReference; fileEncoding = 4; lastKnownFileType = sourcecode.c.objc; path = WeibosTableViewController.m; sourceTree = "<group>"; };
		85B7D9A11E5BCF6600B3E488 /* WeiboCell.h */ = {isa = PBXFileReference; fileEncoding = 4; lastKnownFileType = sourcecode.c.h; path = WeiboCell.h; sourceTree = "<group>"; };
		85B7D9A21E5BCF6600B3E488 /* WeiboCell.m */ = {isa = PBXFileReference; fileEncoding = 4; lastKnownFileType = sourcecode.c.objc; path = WeiboCell.m; sourceTree = "<group>"; };
		85B7D9A31E5BCF6600B3E488 /* WeiboCell.xib */ = {isa = PBXFileReference; fileEncoding = 4; lastKnownFileType = file.xib; path = WeiboCell.xib; sourceTree = "<group>"; };
		85B7DA181E5C11C100B3E488 /* YYTextContainerView.h */ = {isa = PBXFileReference; fileEncoding = 4; lastKnownFileType = sourcecode.c.h; path = YYTextContainerView.h; sourceTree = "<group>"; };
		85B7DA191E5C11C100B3E488 /* YYTextContainerView.m */ = {isa = PBXFileReference; fileEncoding = 4; lastKnownFileType = sourcecode.c.objc; path = YYTextContainerView.m; sourceTree = "<group>"; };
		85B7DA1A1E5C11C100B3E488 /* YYTextDebugOption.h */ = {isa = PBXFileReference; fileEncoding = 4; lastKnownFileType = sourcecode.c.h; path = YYTextDebugOption.h; sourceTree = "<group>"; };
		85B7DA1B1E5C11C100B3E488 /* YYTextDebugOption.m */ = {isa = PBXFileReference; fileEncoding = 4; lastKnownFileType = sourcecode.c.objc; path = YYTextDebugOption.m; sourceTree = "<group>"; };
		85B7DA1C1E5C11C100B3E488 /* YYTextEffectWindow.h */ = {isa = PBXFileReference; fileEncoding = 4; lastKnownFileType = sourcecode.c.h; path = YYTextEffectWindow.h; sourceTree = "<group>"; };
		85B7DA1D1E5C11C100B3E488 /* YYTextEffectWindow.m */ = {isa = PBXFileReference; fileEncoding = 4; lastKnownFileType = sourcecode.c.objc; path = YYTextEffectWindow.m; sourceTree = "<group>"; };
		85B7DA1E1E5C11C100B3E488 /* YYTextInput.h */ = {isa = PBXFileReference; fileEncoding = 4; lastKnownFileType = sourcecode.c.h; path = YYTextInput.h; sourceTree = "<group>"; };
		85B7DA1F1E5C11C100B3E488 /* YYTextInput.m */ = {isa = PBXFileReference; fileEncoding = 4; lastKnownFileType = sourcecode.c.objc; path = YYTextInput.m; sourceTree = "<group>"; };
		85B7DA201E5C11C100B3E488 /* YYTextKeyboardManager.h */ = {isa = PBXFileReference; fileEncoding = 4; lastKnownFileType = sourcecode.c.h; path = YYTextKeyboardManager.h; sourceTree = "<group>"; };
		85B7DA211E5C11C100B3E488 /* YYTextKeyboardManager.m */ = {isa = PBXFileReference; fileEncoding = 4; lastKnownFileType = sourcecode.c.objc; path = YYTextKeyboardManager.m; sourceTree = "<group>"; };
		85B7DA221E5C11C100B3E488 /* YYTextLayout.h */ = {isa = PBXFileReference; fileEncoding = 4; lastKnownFileType = sourcecode.c.h; path = YYTextLayout.h; sourceTree = "<group>"; };
		85B7DA231E5C11C100B3E488 /* YYTextLayout.m */ = {isa = PBXFileReference; fileEncoding = 4; lastKnownFileType = sourcecode.c.objc; path = YYTextLayout.m; sourceTree = "<group>"; };
		85B7DA241E5C11C100B3E488 /* YYTextLine.h */ = {isa = PBXFileReference; fileEncoding = 4; lastKnownFileType = sourcecode.c.h; path = YYTextLine.h; sourceTree = "<group>"; };
		85B7DA251E5C11C100B3E488 /* YYTextLine.m */ = {isa = PBXFileReference; fileEncoding = 4; lastKnownFileType = sourcecode.c.objc; path = YYTextLine.m; sourceTree = "<group>"; };
		85B7DA261E5C11C100B3E488 /* YYTextMagnifier.h */ = {isa = PBXFileReference; fileEncoding = 4; lastKnownFileType = sourcecode.c.h; path = YYTextMagnifier.h; sourceTree = "<group>"; };
		85B7DA271E5C11C100B3E488 /* YYTextMagnifier.m */ = {isa = PBXFileReference; fileEncoding = 4; lastKnownFileType = sourcecode.c.objc; path = YYTextMagnifier.m; sourceTree = "<group>"; };
		85B7DA281E5C11C100B3E488 /* YYTextSelectionView.h */ = {isa = PBXFileReference; fileEncoding = 4; lastKnownFileType = sourcecode.c.h; path = YYTextSelectionView.h; sourceTree = "<group>"; };
		85B7DA291E5C11C100B3E488 /* YYTextSelectionView.m */ = {isa = PBXFileReference; fileEncoding = 4; lastKnownFileType = sourcecode.c.objc; path = YYTextSelectionView.m; sourceTree = "<group>"; };
		85B7DA2B1E5C11C100B3E488 /* YYTextArchiver.h */ = {isa = PBXFileReference; fileEncoding = 4; lastKnownFileType = sourcecode.c.h; path = YYTextArchiver.h; sourceTree = "<group>"; };
		85B7DA2C1E5C11C100B3E488 /* YYTextArchiver.m */ = {isa = PBXFileReference; fileEncoding = 4; lastKnownFileType = sourcecode.c.objc; path = YYTextArchiver.m; sourceTree = "<group>"; };
		85B7DA2D1E5C11C100B3E488 /* YYTextAttribute.h */ = {isa = PBXFileReference; fileEncoding = 4; lastKnownFileType = sourcecode.c.h; path = YYTextAttribute.h; sourceTree = "<group>"; };
		85B7DA2E1E5C11C100B3E488 /* YYTextAttribute.m */ = {isa = PBXFileReference; fileEncoding = 4; lastKnownFileType = sourcecode.c.objc; path = YYTextAttribute.m; sourceTree = "<group>"; };
		85B7DA2F1E5C11C100B3E488 /* YYTextParser.h */ = {isa = PBXFileReference; fileEncoding = 4; lastKnownFileType = sourcecode.c.h; path = YYTextParser.h; sourceTree = "<group>"; };
		85B7DA301E5C11C100B3E488 /* YYTextParser.m */ = {isa = PBXFileReference; fileEncoding = 4; lastKnownFileType = sourcecode.c.objc; path = YYTextParser.m; sourceTree = "<group>"; };
		85B7DA311E5C11C100B3E488 /* YYTextRubyAnnotation.h */ = {isa = PBXFileReference; fileEncoding = 4; lastKnownFileType = sourcecode.c.h; path = YYTextRubyAnnotation.h; sourceTree = "<group>"; };
		85B7DA321E5C11C100B3E488 /* YYTextRubyAnnotation.m */ = {isa = PBXFileReference; fileEncoding = 4; lastKnownFileType = sourcecode.c.objc; path = YYTextRubyAnnotation.m; sourceTree = "<group>"; };
		85B7DA331E5C11C100B3E488 /* YYTextRunDelegate.h */ = {isa = PBXFileReference; fileEncoding = 4; lastKnownFileType = sourcecode.c.h; path = YYTextRunDelegate.h; sourceTree = "<group>"; };
		85B7DA341E5C11C100B3E488 /* YYTextRunDelegate.m */ = {isa = PBXFileReference; fileEncoding = 4; lastKnownFileType = sourcecode.c.objc; path = YYTextRunDelegate.m; sourceTree = "<group>"; };
		85B7DA361E5C11C100B3E488 /* NSAttributedString+YYText.h */ = {isa = PBXFileReference; fileEncoding = 4; lastKnownFileType = sourcecode.c.h; path = "NSAttributedString+YYText.h"; sourceTree = "<group>"; };
		85B7DA371E5C11C100B3E488 /* NSAttributedString+YYText.m */ = {isa = PBXFileReference; fileEncoding = 4; lastKnownFileType = sourcecode.c.objc; path = "NSAttributedString+YYText.m"; sourceTree = "<group>"; };
		85B7DA381E5C11C100B3E488 /* NSParagraphStyle+YYText.h */ = {isa = PBXFileReference; fileEncoding = 4; lastKnownFileType = sourcecode.c.h; path = "NSParagraphStyle+YYText.h"; sourceTree = "<group>"; };
		85B7DA391E5C11C100B3E488 /* NSParagraphStyle+YYText.m */ = {isa = PBXFileReference; fileEncoding = 4; lastKnownFileType = sourcecode.c.objc; path = "NSParagraphStyle+YYText.m"; sourceTree = "<group>"; };
		85B7DA3A1E5C11C100B3E488 /* UIPasteboard+YYText.h */ = {isa = PBXFileReference; fileEncoding = 4; lastKnownFileType = sourcecode.c.h; path = "UIPasteboard+YYText.h"; sourceTree = "<group>"; };
		85B7DA3B1E5C11C100B3E488 /* UIPasteboard+YYText.m */ = {isa = PBXFileReference; fileEncoding = 4; lastKnownFileType = sourcecode.c.objc; path = "UIPasteboard+YYText.m"; sourceTree = "<group>"; };
		85B7DA3C1E5C11C100B3E488 /* UIView+YYText.h */ = {isa = PBXFileReference; fileEncoding = 4; lastKnownFileType = sourcecode.c.h; path = "UIView+YYText.h"; sourceTree = "<group>"; };
		85B7DA3D1E5C11C100B3E488 /* UIView+YYText.m */ = {isa = PBXFileReference; fileEncoding = 4; lastKnownFileType = sourcecode.c.objc; path = "UIView+YYText.m"; sourceTree = "<group>"; };
		85B7DA3E1E5C11C100B3E488 /* YYTextAsyncLayer.h */ = {isa = PBXFileReference; fileEncoding = 4; lastKnownFileType = sourcecode.c.h; path = YYTextAsyncLayer.h; sourceTree = "<group>"; };
		85B7DA3F1E5C11C100B3E488 /* YYTextAsyncLayer.m */ = {isa = PBXFileReference; fileEncoding = 4; lastKnownFileType = sourcecode.c.objc; path = YYTextAsyncLayer.m; sourceTree = "<group>"; };
		85B7DA401E5C11C100B3E488 /* YYTextTransaction.h */ = {isa = PBXFileReference; fileEncoding = 4; lastKnownFileType = sourcecode.c.h; path = YYTextTransaction.h; sourceTree = "<group>"; };
		85B7DA411E5C11C100B3E488 /* YYTextTransaction.m */ = {isa = PBXFileReference; fileEncoding = 4; lastKnownFileType = sourcecode.c.objc; path = YYTextTransaction.m; sourceTree = "<group>"; };
		85B7DA421E5C11C100B3E488 /* YYTextUtilities.h */ = {isa = PBXFileReference; fileEncoding = 4; lastKnownFileType = sourcecode.c.h; path = YYTextUtilities.h; sourceTree = "<group>"; };
		85B7DA431E5C11C100B3E488 /* YYTextUtilities.m */ = {isa = PBXFileReference; fileEncoding = 4; lastKnownFileType = sourcecode.c.objc; path = YYTextUtilities.m; sourceTree = "<group>"; };
		85B7DA441E5C11C100B3E488 /* YYTextWeakProxy.h */ = {isa = PBXFileReference; fileEncoding = 4; lastKnownFileType = sourcecode.c.h; path = YYTextWeakProxy.h; sourceTree = "<group>"; };
		85B7DA451E5C11C100B3E488 /* YYTextWeakProxy.m */ = {isa = PBXFileReference; fileEncoding = 4; lastKnownFileType = sourcecode.c.objc; path = YYTextWeakProxy.m; sourceTree = "<group>"; };
		85B7DA461E5C11C100B3E488 /* YYLabel.h */ = {isa = PBXFileReference; fileEncoding = 4; lastKnownFileType = sourcecode.c.h; path = YYLabel.h; sourceTree = "<group>"; };
		85B7DA471E5C11C100B3E488 /* YYLabel.m */ = {isa = PBXFileReference; fileEncoding = 4; lastKnownFileType = sourcecode.c.objc; path = YYLabel.m; sourceTree = "<group>"; };
		85B7DA481E5C11C100B3E488 /* YYText.h */ = {isa = PBXFileReference; fileEncoding = 4; lastKnownFileType = sourcecode.c.h; path = YYText.h; sourceTree = "<group>"; };
		85B7DA491E5C11C100B3E488 /* YYTextView.h */ = {isa = PBXFileReference; fileEncoding = 4; lastKnownFileType = sourcecode.c.h; path = YYTextView.h; sourceTree = "<group>"; };
		85B7DA4A1E5C11C100B3E488 /* YYTextView.m */ = {isa = PBXFileReference; fileEncoding = 4; lastKnownFileType = sourcecode.c.objc; path = YYTextView.m; sourceTree = "<group>"; };
		85B7DA631E5C134A00B3E488 /* PrefixHeader.pch */ = {isa = PBXFileReference; lastKnownFileType = sourcecode.c.h; path = PrefixHeader.pch; sourceTree = "<group>"; };
/* End PBXFileReference section */

/* Begin PBXFrameworksBuildPhase section */
		8501E67D1E5A7B380018EC72 /* Frameworks */ = {
			isa = PBXFrameworksBuildPhase;
			buildActionMask = 2147483647;
			files = (
			);
			runOnlyForDeploymentPostprocessing = 0;
		};
/* End PBXFrameworksBuildPhase section */

/* Begin PBXGroup section */
		8501E6771E5A7B370018EC72 = {
			isa = PBXGroup;
			children = (
				8501E6821E5A7B380018EC72 /* 微博练习 */,
				8501E6811E5A7B380018EC72 /* Products */,
			);
			sourceTree = "<group>";
		};
		8501E6811E5A7B380018EC72 /* Products */ = {
			isa = PBXGroup;
			children = (
				8501E6801E5A7B380018EC72 /* 微博练习.app */,
			);
			name = Products;
			sourceTree = "<group>";
		};
		8501E6821E5A7B380018EC72 /* 微博练习 */ = {
			isa = PBXGroup;
			children = (
				85B7DA161E5C11C100B3E488 /* YYText */,
				8501E6861E5A7B380018EC72 /* AppDelegate.h */,
				8501E6871E5A7B380018EC72 /* AppDelegate.m */,
				8501E6891E5A7B380018EC72 /* ViewController.h */,
				8501E68A1E5A7B380018EC72 /* ViewController.m */,
				8501E69A1E5A7B530018EC72 /* LoginViewController.h */,
				8501E69B1E5A7B530018EC72 /* LoginViewController.m */,
				8501E6CF1E5A89DF0018EC72 /* WebUtils.h */,
				8501E6D01E5A89DF0018EC72 /* WebUtils.m */,
				85B7D99B1E5BCC0400B3E488 /* Weibo.h */,
				85B7D99C1E5BCC0400B3E488 /* Weibo.m */,
				8501E6F51E5ABFB30018EC72 /* User.h */,
				8501E6F61E5ABFB30018EC72 /* User.m */,
				8501E6D21E5A96A50018EC72 /* Account.h */,
				8501E6D31E5A96A50018EC72 /* Account.m */,
				85B7D99E1E5BCE0D00B3E488 /* WeibosTableViewController.h */,
				85B7D99F1E5BCE0D00B3E488 /* WeibosTableViewController.m */,
				85B7D9A11E5BCF6600B3E488 /* WeiboCell.h */,
				85B7D9A21E5BCF6600B3E488 /* WeiboCell.m */,
				85B7D9A31E5BCF6600B3E488 /* WeiboCell.xib */,
				8501E6D51E5ABE6E0018EC72 /* JSONModel */,
				8501E69D1E5A89D20018EC72 /* AFNetworking */,
				8501E6AB1E5A89D20018EC72 /* UIKit+AFNetworking */,
				8501E68C1E5A7B380018EC72 /* Main.storyboard */,
				8501E68F1E5A7B380018EC72 /* Assets.xcassets */,
				8501E6911E5A7B380018EC72 /* LaunchScreen.storyboard */,
				8501E6941E5A7B380018EC72 /* Info.plist */,
				8501E6831E5A7B380018EC72 /* Supporting Files */,
				85B7DA631E5C134A00B3E488 /* PrefixHeader.pch */,
			);
			path = "微博练习";
			sourceTree = "<group>";
		};
		8501E6831E5A7B380018EC72 /* Supporting Files */ = {
			isa = PBXGroup;
			children = (
				8501E6841E5A7B380018EC72 /* main.m */,
			);
			name = "Supporting Files";
			sourceTree = "<group>";
		};
		8501E69D1E5A89D20018EC72 /* AFNetworking */ = {
			isa = PBXGroup;
			children = (
				8501E69E1E5A89D20018EC72 /* AFHTTPSessionManager.h */,
				8501E69F1E5A89D20018EC72 /* AFHTTPSessionManager.m */,
				8501E6A01E5A89D20018EC72 /* AFNetworking.h */,
				8501E6A11E5A89D20018EC72 /* AFNetworkReachabilityManager.h */,
				8501E6A21E5A89D20018EC72 /* AFNetworkReachabilityManager.m */,
				8501E6A31E5A89D20018EC72 /* AFSecurityPolicy.h */,
				8501E6A41E5A89D20018EC72 /* AFSecurityPolicy.m */,
				8501E6A51E5A89D20018EC72 /* AFURLRequestSerialization.h */,
				8501E6A61E5A89D20018EC72 /* AFURLRequestSerialization.m */,
				8501E6A71E5A89D20018EC72 /* AFURLResponseSerialization.h */,
				8501E6A81E5A89D20018EC72 /* AFURLResponseSerialization.m */,
				8501E6A91E5A89D20018EC72 /* AFURLSessionManager.h */,
				8501E6AA1E5A89D20018EC72 /* AFURLSessionManager.m */,
			);
			path = AFNetworking;
			sourceTree = "<group>";
		};
		8501E6AB1E5A89D20018EC72 /* UIKit+AFNetworking */ = {
			isa = PBXGroup;
			children = (
				8501E6AC1E5A89D20018EC72 /* AFAutoPurgingImageCache.h */,
				8501E6AD1E5A89D20018EC72 /* AFAutoPurgingImageCache.m */,
				8501E6AE1E5A89D20018EC72 /* AFImageDownloader.h */,
				8501E6AF1E5A89D20018EC72 /* AFImageDownloader.m */,
				8501E6B01E5A89D20018EC72 /* AFNetworkActivityIndicatorManager.h */,
				8501E6B11E5A89D20018EC72 /* AFNetworkActivityIndicatorManager.m */,
				8501E6B21E5A89D20018EC72 /* UIActivityIndicatorView+AFNetworking.h */,
				8501E6B31E5A89D20018EC72 /* UIActivityIndicatorView+AFNetworking.m */,
				8501E6B41E5A89D20018EC72 /* UIButton+AFNetworking.h */,
				8501E6B51E5A89D20018EC72 /* UIButton+AFNetworking.m */,
				8501E6B61E5A89D20018EC72 /* UIImage+AFNetworking.h */,
				8501E6B71E5A89D20018EC72 /* UIImageView+AFNetworking.h */,
				8501E6B81E5A89D20018EC72 /* UIImageView+AFNetworking.m */,
				8501E6B91E5A89D20018EC72 /* UIKit+AFNetworking.h */,
				8501E6BA1E5A89D20018EC72 /* UIProgressView+AFNetworking.h */,
				8501E6BB1E5A89D20018EC72 /* UIProgressView+AFNetworking.m */,
				8501E6BC1E5A89D20018EC72 /* UIRefreshControl+AFNetworking.h */,
				8501E6BD1E5A89D20018EC72 /* UIRefreshControl+AFNetworking.m */,
				8501E6BE1E5A89D20018EC72 /* UIWebView+AFNetworking.h */,
				8501E6BF1E5A89D20018EC72 /* UIWebView+AFNetworking.m */,
			);
			path = "UIKit+AFNetworking";
			sourceTree = "<group>";
		};
		8501E6D51E5ABE6E0018EC72 /* JSONModel */ = {
			isa = PBXGroup;
			children = (
				8501E6D61E5ABE6E0018EC72 /* Info.plist */,
				8501E6D71E5ABE6E0018EC72 /* JSONModel */,
				8501E6DE1E5ABE6E0018EC72 /* JSONModelLib.h */,
				8501E6DF1E5ABE6E0018EC72 /* JSONModelNetworking */,
				8501E6E61E5ABE6E0018EC72 /* JSONModelTransformations */,
				8501E6EB1E5ABE6E0018EC72 /* module.modulemap */,
			);
			path = JSONModel;
			sourceTree = "<group>";
		};
		8501E6D71E5ABE6E0018EC72 /* JSONModel */ = {
			isa = PBXGroup;
			children = (
				8501E6D81E5ABE6E0018EC72 /* JSONModel.h */,
				8501E6D91E5ABE6E0018EC72 /* JSONModel.m */,
				8501E6DA1E5ABE6E0018EC72 /* JSONModelClassProperty.h */,
				8501E6DB1E5ABE6E0018EC72 /* JSONModelClassProperty.m */,
				8501E6DC1E5ABE6E0018EC72 /* JSONModelError.h */,
				8501E6DD1E5ABE6E0018EC72 /* JSONModelError.m */,
			);
			path = JSONModel;
			sourceTree = "<group>";
		};
		8501E6DF1E5ABE6E0018EC72 /* JSONModelNetworking */ = {
			isa = PBXGroup;
			children = (
				8501E6E01E5ABE6E0018EC72 /* JSONAPI.h */,
				8501E6E11E5ABE6E0018EC72 /* JSONAPI.m */,
				8501E6E21E5ABE6E0018EC72 /* JSONHTTPClient.h */,
				8501E6E31E5ABE6E0018EC72 /* JSONHTTPClient.m */,
				8501E6E41E5ABE6E0018EC72 /* JSONModel+networking.h */,
				8501E6E51E5ABE6E0018EC72 /* JSONModel+networking.m */,
			);
			path = JSONModelNetworking;
			sourceTree = "<group>";
		};
		8501E6E61E5ABE6E0018EC72 /* JSONModelTransformations */ = {
			isa = PBXGroup;
			children = (
				8501E6E71E5ABE6E0018EC72 /* JSONKeyMapper.h */,
				8501E6E81E5ABE6E0018EC72 /* JSONKeyMapper.m */,
				8501E6E91E5ABE6E0018EC72 /* JSONValueTransformer.h */,
				8501E6EA1E5ABE6E0018EC72 /* JSONValueTransformer.m */,
			);
			path = JSONModelTransformations;
			sourceTree = "<group>";
		};
		85B7DA161E5C11C100B3E488 /* YYText */ = {
			isa = PBXGroup;
			children = (
				85B7DA171E5C11C100B3E488 /* Component */,
				85B7DA2A1E5C11C100B3E488 /* String */,
				85B7DA351E5C11C100B3E488 /* Utility */,
				85B7DA461E5C11C100B3E488 /* YYLabel.h */,
				85B7DA471E5C11C100B3E488 /* YYLabel.m */,
				85B7DA481E5C11C100B3E488 /* YYText.h */,
				85B7DA491E5C11C100B3E488 /* YYTextView.h */,
				85B7DA4A1E5C11C100B3E488 /* YYTextView.m */,
			);
			path = YYText;
			sourceTree = "<group>";
		};
		85B7DA171E5C11C100B3E488 /* Component */ = {
			isa = PBXGroup;
			children = (
				85B7DA181E5C11C100B3E488 /* YYTextContainerView.h */,
				85B7DA191E5C11C100B3E488 /* YYTextContainerView.m */,
				85B7DA1A1E5C11C100B3E488 /* YYTextDebugOption.h */,
				85B7DA1B1E5C11C100B3E488 /* YYTextDebugOption.m */,
				85B7DA1C1E5C11C100B3E488 /* YYTextEffectWindow.h */,
				85B7DA1D1E5C11C100B3E488 /* YYTextEffectWindow.m */,
				85B7DA1E1E5C11C100B3E488 /* YYTextInput.h */,
				85B7DA1F1E5C11C100B3E488 /* YYTextInput.m */,
				85B7DA201E5C11C100B3E488 /* YYTextKeyboardManager.h */,
				85B7DA211E5C11C100B3E488 /* YYTextKeyboardManager.m */,
				85B7DA221E5C11C100B3E488 /* YYTextLayout.h */,
				85B7DA231E5C11C100B3E488 /* YYTextLayout.m */,
				85B7DA241E5C11C100B3E488 /* YYTextLine.h */,
				85B7DA251E5C11C100B3E488 /* YYTextLine.m */,
				85B7DA261E5C11C100B3E488 /* YYTextMagnifier.h */,
				85B7DA271E5C11C100B3E488 /* YYTextMagnifier.m */,
				85B7DA281E5C11C100B3E488 /* YYTextSelectionView.h */,
				85B7DA291E5C11C100B3E488 /* YYTextSelectionView.m */,
			);
			path = Component;
			sourceTree = "<group>";
		};
		85B7DA2A1E5C11C100B3E488 /* String */ = {
			isa = PBXGroup;
			children = (
				85B7DA2B1E5C11C100B3E488 /* YYTextArchiver.h */,
				85B7DA2C1E5C11C100B3E488 /* YYTextArchiver.m */,
				85B7DA2D1E5C11C100B3E488 /* YYTextAttribute.h */,
				85B7DA2E1E5C11C100B3E488 /* YYTextAttribute.m */,
				85B7DA2F1E5C11C100B3E488 /* YYTextParser.h */,
				85B7DA301E5C11C100B3E488 /* YYTextParser.m */,
				85B7DA311E5C11C100B3E488 /* YYTextRubyAnnotation.h */,
				85B7DA321E5C11C100B3E488 /* YYTextRubyAnnotation.m */,
				85B7DA331E5C11C100B3E488 /* YYTextRunDelegate.h */,
				85B7DA341E5C11C100B3E488 /* YYTextRunDelegate.m */,
			);
			path = String;
			sourceTree = "<group>";
		};
		85B7DA351E5C11C100B3E488 /* Utility */ = {
			isa = PBXGroup;
			children = (
				85B7DA361E5C11C100B3E488 /* NSAttributedString+YYText.h */,
				85B7DA371E5C11C100B3E488 /* NSAttributedString+YYText.m */,
				85B7DA381E5C11C100B3E488 /* NSParagraphStyle+YYText.h */,
				85B7DA391E5C11C100B3E488 /* NSParagraphStyle+YYText.m */,
				85B7DA3A1E5C11C100B3E488 /* UIPasteboard+YYText.h */,
				85B7DA3B1E5C11C100B3E488 /* UIPasteboard+YYText.m */,
				85B7DA3C1E5C11C100B3E488 /* UIView+YYText.h */,
				85B7DA3D1E5C11C100B3E488 /* UIView+YYText.m */,
				85B7DA3E1E5C11C100B3E488 /* YYTextAsyncLayer.h */,
				85B7DA3F1E5C11C100B3E488 /* YYTextAsyncLayer.m */,
				85B7DA401E5C11C100B3E488 /* YYTextTransaction.h */,
				85B7DA411E5C11C100B3E488 /* YYTextTransaction.m */,
				85B7DA421E5C11C100B3E488 /* YYTextUtilities.h */,
				85B7DA431E5C11C100B3E488 /* YYTextUtilities.m */,
				85B7DA441E5C11C100B3E488 /* YYTextWeakProxy.h */,
				85B7DA451E5C11C100B3E488 /* YYTextWeakProxy.m */,
			);
			path = Utility;
			sourceTree = "<group>";
		};
/* End PBXGroup section */

/* Begin PBXNativeTarget section */
		8501E67F1E5A7B380018EC72 /* 微博练习 */ = {
			isa = PBXNativeTarget;
			buildConfigurationList = 8501E6971E5A7B380018EC72 /* Build configuration list for PBXNativeTarget "微博练习" */;
			buildPhases = (
				8501E67C1E5A7B380018EC72 /* Sources */,
				8501E67D1E5A7B380018EC72 /* Frameworks */,
				8501E67E1E5A7B380018EC72 /* Resources */,
			);
			buildRules = (
			);
			dependencies = (
			);
			name = "微博练习";
			productName = "微博练习";
			productReference = 8501E6801E5A7B380018EC72 /* 微博练习.app */;
			productType = "com.apple.product-type.application";
		};
/* End PBXNativeTarget section */

/* Begin PBXProject section */
		8501E6781E5A7B370018EC72 /* Project object */ = {
			isa = PBXProject;
			attributes = {
				LastUpgradeCheck = 0820;
				ORGANIZATIONNAME = tarena;
				TargetAttributes = {
					8501E67F1E5A7B380018EC72 = {
						CreatedOnToolsVersion = 8.2.1;
						ProvisioningStyle = Automatic;
					};
				};
			};
			buildConfigurationList = 8501E67B1E5A7B370018EC72 /* Build configuration list for PBXProject "微博练习" */;
			compatibilityVersion = "Xcode 3.2";
			developmentRegion = English;
			hasScannedForEncodings = 0;
			knownRegions = (
				en,
				Base,
			);
			mainGroup = 8501E6771E5A7B370018EC72;
			productRefGroup = 8501E6811E5A7B380018EC72 /* Products */;
			projectDirPath = "";
			projectRoot = "";
			targets = (
				8501E67F1E5A7B380018EC72 /* 微博练习 */,
			);
		};
/* End PBXProject section */

/* Begin PBXResourcesBuildPhase section */
		8501E67E1E5A7B380018EC72 /* Resources */ = {
			isa = PBXResourcesBuildPhase;
			buildActionMask = 2147483647;
			files = (
				8501E6EC1E5ABE6E0018EC72 /* Info.plist in Resources */,
				85B7D9A51E5BCF6600B3E488 /* WeiboCell.xib in Resources */,
				8501E6931E5A7B380018EC72 /* LaunchScreen.storyboard in Resources */,
				8501E6901E5A7B380018EC72 /* Assets.xcassets in Resources */,
				8501E68E1E5A7B380018EC72 /* Main.storyboard in Resources */,
			);
			runOnlyForDeploymentPostprocessing = 0;
		};
/* End PBXResourcesBuildPhase section */

/* Begin PBXSourcesBuildPhase section */
		8501E67C1E5A7B380018EC72 /* Sources */ = {
			isa = PBXSourcesBuildPhase;
			buildActionMask = 2147483647;
			files = (
				8501E6EF1E5ABE6E0018EC72 /* JSONModelError.m in Sources */,
				8501E6C21E5A89D30018EC72 /* AFSecurityPolicy.m in Sources */,
				8501E6C41E5A89D30018EC72 /* AFURLResponseSerialization.m in Sources */,
				8501E6F01E5ABE6E0018EC72 /* JSONAPI.m in Sources */,
				8501E69C1E5A7B530018EC72 /* LoginViewController.m in Sources */,
				85B7DA5B1E5C11C100B3E488 /* UIPasteboard+YYText.m in Sources */,
				8501E68B1E5A7B380018EC72 /* ViewController.m in Sources */,
				85B7D9A01E5BCE0D00B3E488 /* WeibosTableViewController.m in Sources */,
				85B7DA4E1E5C11C100B3E488 /* YYTextInput.m in Sources */,
				85B7DA601E5C11C100B3E488 /* YYTextWeakProxy.m in Sources */,
				8501E6C01E5A89D30018EC72 /* AFHTTPSessionManager.m in Sources */,
				85B7DA541E5C11C100B3E488 /* YYTextArchiver.m in Sources */,
				85B7DA561E5C11C100B3E488 /* YYTextParser.m in Sources */,
				8501E6C51E5A89D30018EC72 /* AFURLSessionManager.m in Sources */,
				8501E6C91E5A89D30018EC72 /* UIActivityIndicatorView+AFNetworking.m in Sources */,
				8501E6ED1E5ABE6E0018EC72 /* JSONModel.m in Sources */,
				85B7DA4D1E5C11C100B3E488 /* YYTextEffectWindow.m in Sources */,
				8501E6881E5A7B380018EC72 /* AppDelegate.m in Sources */,
				8501E6CC1E5A89D30018EC72 /* UIProgressView+AFNetworking.m in Sources */,
				8501E6C11E5A89D30018EC72 /* AFNetworkReachabilityManager.m in Sources */,
				8501E6851E5A7B380018EC72 /* main.m in Sources */,
				85B7DA571E5C11C100B3E488 /* YYTextRubyAnnotation.m in Sources */,
				85B7DA621E5C11C100B3E488 /* YYTextView.m in Sources */,
				85B7DA4C1E5C11C100B3E488 /* YYTextDebugOption.m in Sources */,
				85B7DA581E5C11C100B3E488 /* YYTextRunDelegate.m in Sources */,
				8501E6C81E5A89D30018EC72 /* AFNetworkActivityIndicatorManager.m in Sources */,
				8501E6F41E5ABE6E0018EC72 /* JSONValueTransformer.m in Sources */,
				8501E6D11E5A89DF0018EC72 /* WebUtils.m in Sources */,
				8501E6CB1E5A89D30018EC72 /* UIImageView+AFNetworking.m in Sources */,
				85B7DA5D1E5C11C100B3E488 /* YYTextAsyncLayer.m in Sources */,
				85B7DA531E5C11C100B3E488 /* YYTextSelectionView.m in Sources */,
				85B7DA511E5C11C100B3E488 /* YYTextLine.m in Sources */,
				8501E6CA1E5A89D30018EC72 /* UIButton+AFNetworking.m in Sources */,
				8501E6F31E5ABE6E0018EC72 /* JSONKeyMapper.m in Sources */,
				8501E6F71E5ABFB30018EC72 /* User.m in Sources */,
				85B7D99D1E5BCC0400B3E488 /* Weibo.m in Sources */,
				8501E6EE1E5ABE6E0018EC72 /* JSONModelClassProperty.m in Sources */,
				85B7DA501E5C11C100B3E488 /* YYTextLayout.m in Sources */,
				8501E6CD1E5A89D30018EC72 /* UIRefreshControl+AFNetworking.m in Sources */,
				8501E6F11E5ABE6E0018EC72 /* JSONHTTPClient.m in Sources */,
				85B7DA5C1E5C11C100B3E488 /* UIView+YYText.m in Sources */,
				8501E6CE1E5A89D30018EC72 /* UIWebView+AFNetworking.m in Sources */,
				85B7DA5A1E5C11C100B3E488 /* NSParagraphStyle+YYText.m in Sources */,
				85B7DA4B1E5C11C100B3E488 /* YYTextContainerView.m in Sources */,
				8501E6F21E5ABE6E0018EC72 /* JSONModel+networking.m in Sources */,
				8501E6C31E5A89D30018EC72 /* AFURLRequestSerialization.m in Sources */,
				85B7DA5E1E5C11C100B3E488 /* YYTextTransaction.m in Sources */,
				85B7DA611E5C11C100B3E488 /* YYLabel.m in Sources */,
				85B7DA591E5C11C100B3E488 /* NSAttributedString+YYText.m in Sources */,
				85B7D9A41E5BCF6600B3E488 /* WeiboCell.m in Sources */,
				8501E6D41E5A96A50018EC72 /* Account.m in Sources */,
				85B7DA521E5C11C100B3E488 /* YYTextMagnifier.m in Sources */,
				85B7DA4F1E5C11C100B3E488 /* YYTextKeyboardManager.m in Sources */,
				8501E6C61E5A89D30018EC72 /* AFAutoPurgingImageCache.m in Sources */,
				85B7DA5F1E5C11C100B3E488 /* YYTextUtilities.m in Sources */,
				8501E6C71E5A89D30018EC72 /* AFImageDownloader.m in Sources */,
				85B7DA551E5C11C100B3E488 /* YYTextAttribute.m in Sources */,
			);
			runOnlyForDeploymentPostprocessing = 0;
		};
/* End PBXSourcesBuildPhase section */

/* Begin PBXVariantGroup section */
		8501E68C1E5A7B380018EC72 /* Main.storyboard */ = {
			isa = PBXVariantGroup;
			children = (
				8501E68D1E5A7B380018EC72 /* Base */,
			);
			name = Main.storyboard;
			sourceTree = "<group>";
		};
		8501E6911E5A7B380018EC72 /* LaunchScreen.storyboard */ = {
			isa = PBXVariantGroup;
			children = (
				8501E6921E5A7B380018EC72 /* Base */,
			);
			name = LaunchScreen.storyboard;
			sourceTree = "<group>";
		};
/* End PBXVariantGroup section */

/* Begin XCBuildConfiguration section */
		8501E6951E5A7B380018EC72 /* Debug */ = {
			isa = XCBuildConfiguration;
			buildSettings = {
				ALWAYS_SEARCH_USER_PATHS = NO;
				CLANG_ANALYZER_NONNULL = YES;
				CLANG_CXX_LANGUAGE_STANDARD = "gnu++0x";
				CLANG_CXX_LIBRARY = "libc++";
				CLANG_ENABLE_MODULES = YES;
				CLANG_ENABLE_OBJC_ARC = YES;
				CLANG_WARN_BOOL_CONVERSION = YES;
				CLANG_WARN_CONSTANT_CONVERSION = YES;
				CLANG_WARN_DIRECT_OBJC_ISA_USAGE = YES_ERROR;
				CLANG_WARN_DOCUMENTATION_COMMENTS = YES;
				CLANG_WARN_EMPTY_BODY = YES;
				CLANG_WARN_ENUM_CONVERSION = YES;
				CLANG_WARN_INFINITE_RECURSION = YES;
				CLANG_WARN_INT_CONVERSION = YES;
				CLANG_WARN_OBJC_ROOT_CLASS = YES_ERROR;
				CLANG_WARN_SUSPICIOUS_MOVE = YES;
				CLANG_WARN_UNREACHABLE_CODE = YES;
				CLANG_WARN__DUPLICATE_METHOD_MATCH = YES;
				"CODE_SIGN_IDENTITY[sdk=iphoneos*]" = "iPhone Developer";
				COPY_PHASE_STRIP = NO;
				DEBUG_INFORMATION_FORMAT = dwarf;
				ENABLE_STRICT_OBJC_MSGSEND = YES;
				ENABLE_TESTABILITY = YES;
				GCC_C_LANGUAGE_STANDARD = gnu99;
				GCC_DYNAMIC_NO_PIC = NO;
				GCC_NO_COMMON_BLOCKS = YES;
				GCC_OPTIMIZATION_LEVEL = 0;
				GCC_PREPROCESSOR_DEFINITIONS = (
					"DEBUG=1",
					"$(inherited)",
				);
				GCC_WARN_64_TO_32_BIT_CONVERSION = YES;
				GCC_WARN_ABOUT_RETURN_TYPE = YES_ERROR;
				GCC_WARN_UNDECLARED_SELECTOR = YES;
				GCC_WARN_UNINITIALIZED_AUTOS = YES_AGGRESSIVE;
				GCC_WARN_UNUSED_FUNCTION = YES;
				GCC_WARN_UNUSED_VARIABLE = YES;
				IPHONEOS_DEPLOYMENT_TARGET = 10.2;
				MTL_ENABLE_DEBUG_INFO = YES;
				ONLY_ACTIVE_ARCH = YES;
				SDKROOT = iphoneos;
			};
			name = Debug;
		};
		8501E6961E5A7B380018EC72 /* Release */ = {
			isa = XCBuildConfiguration;
			buildSettings = {
				ALWAYS_SEARCH_USER_PATHS = NO;
				CLANG_ANALYZER_NONNULL = YES;
				CLANG_CXX_LANGUAGE_STANDARD = "gnu++0x";
				CLANG_CXX_LIBRARY = "libc++";
				CLANG_ENABLE_MODULES = YES;
				CLANG_ENABLE_OBJC_ARC = YES;
				CLANG_WARN_BOOL_CONVERSION = YES;
				CLANG_WARN_CONSTANT_CONVERSION = YES;
				CLANG_WARN_DIRECT_OBJC_ISA_USAGE = YES_ERROR;
				CLANG_WARN_DOCUMENTATION_COMMENTS = YES;
				CLANG_WARN_EMPTY_BODY = YES;
				CLANG_WARN_ENUM_CONVERSION = YES;
				CLANG_WARN_INFINITE_RECURSION = YES;
				CLANG_WARN_INT_CONVERSION = YES;
				CLANG_WARN_OBJC_ROOT_CLASS = YES_ERROR;
				CLANG_WARN_SUSPICIOUS_MOVE = YES;
				CLANG_WARN_UNREACHABLE_CODE = YES;
				CLANG_WARN__DUPLICATE_METHOD_MATCH = YES;
				"CODE_SIGN_IDENTITY[sdk=iphoneos*]" = "iPhone Developer";
				COPY_PHASE_STRIP = NO;
				DEBUG_INFORMATION_FORMAT = "dwarf-with-dsym";
				ENABLE_NS_ASSERTIONS = NO;
				ENABLE_STRICT_OBJC_MSGSEND = YES;
				GCC_C_LANGUAGE_STANDARD = gnu99;
				GCC_NO_COMMON_BLOCKS = YES;
				GCC_WARN_64_TO_32_BIT_CONVERSION = YES;
				GCC_WARN_ABOUT_RETURN_TYPE = YES_ERROR;
				GCC_WARN_UNDECLARED_SELECTOR = YES;
				GCC_WARN_UNINITIALIZED_AUTOS = YES_AGGRESSIVE;
				GCC_WARN_UNUSED_FUNCTION = YES;
				GCC_WARN_UNUSED_VARIABLE = YES;
				IPHONEOS_DEPLOYMENT_TARGET = 10.2;
				MTL_ENABLE_DEBUG_INFO = NO;
				SDKROOT = iphoneos;
				VALIDATE_PRODUCT = YES;
			};
			name = Release;
		};
		8501E6981E5A7B380018EC72 /* Debug */ = {
			isa = XCBuildConfiguration;
			buildSettings = {
				ASSETCATALOG_COMPILER_APPICON_NAME = AppIcon;
				GCC_PREFIX_HEADER = "微博练习/PrefixHeader.pch";
				INFOPLIST_FILE = "微博练习/Info.plist";
				LD_RUNPATH_SEARCH_PATHS = "$(inherited) @executable_path/Frameworks";
				PRODUCT_BUNDLE_IDENTIFIER = "cn.tedu.----";
				PRODUCT_NAME = "$(TARGET_NAME)";
			};
			name = Debug;
		};
		8501E6991E5A7B380018EC72 /* Release */ = {
			isa = XCBuildConfiguration;
			buildSettings = {
				ASSETCATALOG_COMPILER_APPICON_NAME = AppIcon;
				GCC_PREFIX_HEADER = "微博练习/PrefixHeader.pch";
				INFOPLIST_FILE = "微博练习/Info.plist";
				LD_RUNPATH_SEARCH_PATHS = "$(inherited) @executable_path/Frameworks";
				PRODUCT_BUNDLE_IDENTIFIER = "cn.tedu.----";
				PRODUCT_NAME = "$(TARGET_NAME)";
			};
			name = Release;
		};
/* End XCBuildConfiguration section */

/* Begin XCConfigurationList section */
		8501E67B1E5A7B370018EC72 /* Build configuration list for PBXProject "微博练习" */ = {
			isa = XCConfigurationList;
			buildConfigurations = (
				8501E6951E5A7B380018EC72 /* Debug */,
				8501E6961E5A7B380018EC72 /* Release */,
			);
			defaultConfigurationIsVisible = 0;
			defaultConfigurationName = Release;
		};
		8501E6971E5A7B380018EC72 /* Build configuration list for PBXNativeTarget "微博练习" */ = {
			isa = XCConfigurationList;
			buildConfigurations = (
				8501E6981E5A7B380018EC72 /* Debug */,
				8501E6991E5A7B380018EC72 /* Release */,
			);
			defaultConfigurationIsVisible = 0;
			defaultConfigurationName = Release;
		};
/* End XCConfigurationList section */
	};
	rootObject = 8501E6781E5A7B370018EC72 /* Project object */;
}
